
Microsoft Visual Studio Solution File, Format Version 12.00
# Visual Studio Version 17
VisualStudioVersion = 17.5.33424.131
MinimumVisualStudioVersion = 10.0.40219.1
Project("{8BC9CEB8-8B4A-11D0-8D11-00A0C91BC942}") = "Lab1", "Lab1\Lab1.vcxproj", "{20E0DC82-3966-490C-8D43-5E9691841042}"
EndProject
Global
	GlobalSection(SolutionConfigurationPlatforms) = preSolution
		Debug|x64 = Debug|x64
		Debug|x86 = Debug|x86
		Release|x64 = Release|x64
		Release|x86 = Release|x86
	EndGlobalSection
	GlobalSection(ProjectConfigurationPlatforms) = postSolution
		{20E0DC82-3966-490C-8D43-5E9691841042}.Debug|x64.ActiveCfg = Debug|x64
		{20E0DC82-3966-490C-8D43-5E9691841042}.Debug|x64.Build.0 = Debug|x64
		{20E0DC82-3966-490C-8D43-5E9691841042}.Debug|x86.ActiveCfg = Debug|Win32
		{20E0DC82-3966-490C-8D43-5E9691841042}.Debug|x86.Build.0 = Debug|Win32
		{20E0DC82-3966-490C-8D43-5E9691841042}.Release|x64.ActiveCfg = Release|x64
		{20E0DC82-3966-490C-8D43-5E9691841042}.Release|x64.Build.0 = Release|x64
		{20E0DC82-3966-490C-8D43-5E9691841042}.Release|x86.ActiveCfg = Release|Win32
		{20E0DC82-3966-490C-8D43-5E9691841042}.Release|x86.Build.0 = Release|Win32
	EndGlobalSection
	GlobalSection(SolutionProperties) = preSolution
		HideSolutionNode = FALSE
	EndGlobalSection
	GlobalSection(ExtensibilityGlobals) = postSolution
		SolutionGuid = {AF4F29B7-4869-4510-BF28-5244B24819D1}
	EndGlobalSection
EndGlobal
